
Microsoft Visual Studio Solution File, Format Version 12.00
# Visual Studio 15
VisualStudioVersion = 15.0.27703.2018
MinimumVisualStudioVersion = 10.0.40219.1
Project("{FAE04EC0-301F-11D3-BF4B-00C04F79EFBC}") = "PCI1750TCPReflector_ConsoleTester", "PCI1750TCPReflector_ConsoleTester\PCI1750TCPReflector_ConsoleTester.csproj", "{A22D8E8E-BF35-42F2-9428-89B238AC5F40}"
EndProject
Global
	GlobalSection(SolutionConfigurationPlatforms) = preSolution
		Debug|Any CPU = Debug|Any CPU
		Release|Any CPU = Release|Any CPU
	EndGlobalSection
	GlobalSection(ProjectConfigurationPlatforms) = postSolution
		{A22D8E8E-BF35-42F2-9428-89B238AC5F40}.Debug|Any CPU.ActiveCfg = Debug|Any CPU
		{A22D8E8E-BF35-42F2-9428-89B238AC5F40}.Debug|Any CPU.Build.0 = Debug|Any CPU
		{A22D8E8E-BF35-42F2-9428-89B238AC5F40}.Release|Any CPU.ActiveCfg = Release|Any CPU
		{A22D8E8E-BF35-42F2-9428-89B238AC5F40}.Release|Any CPU.Build.0 = Release|Any CPU
	EndGlobalSection
	GlobalSection(SolutionProperties) = preSolution
		HideSolutionNode = FALSE
	EndGlobalSection
	GlobalSection(ExtensibilityGlobals) = postSolution
		SolutionGuid = {DD3E03D1-0047-4291-86D2-49E637B60441}
	EndGlobalSection
EndGlobal
